{
  "lockfile-version": 1,
  "manifest": {
    "schema-version": "1.14.0",
    "install": {
      "cargo": {
        "pkg-path": "cargo",
        "version": "1.97.0"
      },
      "clippy": {
        "pkg-path": "clippy",
        "version": "1.97.0"
      },
      "gcc": {
        "pkg-path": "gcc"
      },
      "rustc": {
        "pkg-path": "rustc",
        "version": "1.97.0"
      },
      "rustfmt": {
        "pkg-path": "rustfmt",
        "version": "1.97.0"
      }
    },
    "hook": {
      "on-activate": "  export CARGO_HOME=\"$FLOX_ENV_PROJECT/.cargo\"\n  export TMPDIR=\"$FLOX_ENV_PROJECT/.tmp\"\n  mkdir -p \"$CARGO_HOME\" \"$TMPDIR\"\n  cd \"$FLOX_ENV_PROJECT\" && cargo fetch\n"
    },
    "profile": {},
    "options": {
      "systems": [
        "aarch64-linux"
      ]
    }
  },
  "packages": [
    {
      "attr_path": "cargo",
      "broken": false,
      "derivation": "/nix/store/ijkjg6jmmn22vcbp88g9ava04ipps10c-cargo-1.97.0.drv",
      "description": "Downloads your Rust project's dependencies and builds your project",
      "install_id": "cargo",
      "license": "[ MIT, Apache-2.0 ]",
      "locked_url": "https://github.com/flox/nixpkgs?rev=1559d3daa3ecc813a650b79375ea61b6741b8746",
      "name": "cargo-1.97.0",
      "pname": "cargo",
      "rev": "1559d3daa3ecc813a650b79375ea61b6741b8746",
      "rev_count": 1044798,
      "rev_date": "2026-07-30T23:37:10Z",
      "scrape_date": "2026-08-01T05:23:39.732873Z",
      "stabilities": [
        "unstable"
      ],
      "unfree": false,
      "version": "1.97.0",
      "outputs_to_install": [
        "out"
      ],
      "outputs": {
        "out": "/nix/store/lp3dyvgayzmnc1zdml5sq6iazfysd0az-cargo-1.97.0"
      },
      "system": "aarch64-linux",
      "group": "toplevel",
      "priority": 5
    },
    {
      "attr_path": "clippy",
      "broken": false,
      "derivation": "/nix/store/8w0xsqs66p22xdq9qz47ysj0wxlxjklr-clippy-1.97.0.drv",
      "description": "Bunch of lints to catch common mistakes and improve your Rust code",
      "install_id": "clippy",
      "license": "[ MIT, Apache-2.0 ]",
      "locked_url": "https://github.com/flox/nixpkgs?rev=1559d3daa3ecc813a650b79375ea61b6741b8746",
      "name": "clippy-1.97.0",
      "pname": "clippy",
      "rev": "1559d3daa3ecc813a650b79375ea61b6741b8746",
      "rev_count": 1044798,
      "rev_date": "2026-07-30T23:37:10Z",
      "scrape_date": "2026-08-01T05:23:39.966531Z",
      "stabilities": [
        "unstable"
      ],
      "unfree": false,
      "version": "1.97.0",
      "outputs_to_install": [
        "out"
      ],
      "outputs": {
        "debug": "/nix/store/wzy2b0mn26f8z5yyds4r094mr53dx4x8-clippy-1.97.0-debug",
        "out": "/nix/store/sscvmgv3chk0h6rmipxa9pm7smp89lqh-clippy-1.97.0"
      },
      "system": "aarch64-linux",
      "group": "toplevel",
      "priority": 5
    },
    {
      "attr_path": "gcc",
      "broken": false,
      "derivation": "/nix/store/ic7pwp6djfyciiaqa2mqzhzii1y8hckc-gcc-wrapper-15.3.0.drv",
      "description": "GNU Compiler Collection, version 15.3.0 (wrapper script)",
      "install_id": "gcc",
      "license": "GPL-3.0-or-later",
      "locked_url": "https://github.com/flox/nixpkgs?rev=1559d3daa3ecc813a650b79375ea61b6741b8746",
      "name": "gcc-wrapper-15.3.0",
      "pname": "gcc",
      "rev": "1559d3daa3ecc813a650b79375ea61b6741b8746",
      "rev_count": 1044798,
      "rev_date": "2026-07-30T23:37:10Z",
      "scrape_date": "2026-08-01T05:23:41.134708Z",
      "stabilities": [
        "unstable"
      ],
      "unfree": false,
      "version": "15.3.0",
      "outputs_to_install": [
        "man",
        "out",
        "out"
      ],
      "outputs": {
        "info": "/nix/store/792v5vads8y4gph8cwaj3ngzvfpymnn4-gcc-wrapper-15.3.0-info",
        "man": "/nix/store/4jd02dggdaq9xwz08k7svhs5lfs7b6kw-gcc-wrapper-15.3.0-man",
        "out": "/nix/store/hy2xqdbh7mw1w1yhqggfb3s1dmf89h10-gcc-wrapper-15.3.0"
      },
      "system": "aarch64-linux",
      "group": "toplevel",
      "priority": 5
    },
    {
      "attr_path": "rustc",
      "broken": false,
      "derivation": "/nix/store/fwdp6d6b3iwdkszn2zlskv6j9zf7b5kg-rustc-wrapper-1.97.0.drv",
      "description": "Safe, concurrent, practical language (wrapper script)",
      "install_id": "rustc",
      "license": "[ MIT, Apache-2.0 ]",
      "locked_url": "https://github.com/flox/nixpkgs?rev=1559d3daa3ecc813a650b79375ea61b6741b8746",
      "name": "rustc-wrapper-1.97.0",
      "pname": "rustc",
      "rev": "1559d3daa3ecc813a650b79375ea61b6741b8746",
      "rev_count": 1044798,
      "rev_date": "2026-07-30T23:37:10Z",
      "scrape_date": "2026-08-01T05:25:46.818303Z",
      "stabilities": [
        "unstable"
      ],
      "unfree": false,
      "version": "1.97.0",
      "outputs_to_install": [
        "man",
        "out"
      ],
      "outputs": {
        "doc": "/nix/store/sq2qc9vlxybv30nw13n29rlia1fz52lv-rustc-wrapper-1.97.0-doc",
        "man": "/nix/store/cng3lybfqzr10wzpdxmsb236magpb4nk-rustc-wrapper-1.97.0-man",
        "out": "/nix/store/zbjqiyva7jjqb2m8drxj17306zkn0lmc-rustc-wrapper-1.97.0"
      },
      "system": "aarch64-linux",
      "group": "toplevel",
      "priority": 5
    },
    {
      "attr_path": "rustfmt",
      "broken": false,
      "derivation": "/nix/store/fzdf94lqpvv88n6x9qh9g1qlg3n51dy9-rustfmt-1.97.0.drv",
      "description": "Tool for formatting Rust code according to style guidelines",
      "install_id": "rustfmt",
      "license": "[ MIT, Apache-2.0 ]",
      "locked_url": "https://github.com/flox/nixpkgs?rev=1559d3daa3ecc813a650b79375ea61b6741b8746",
      "name": "rustfmt-1.97.0",
      "pname": "rustfmt",
      "rev": "1559d3daa3ecc813a650b79375ea61b6741b8746",
      "rev_count": 1044798,
      "rev_date": "2026-07-30T23:37:10Z",
      "scrape_date": "2026-08-01T05:25:46.849283Z",
      "stabilities": [
        "unstable"
      ],
      "unfree": false,
      "version": "1.97.0",
      "outputs_to_install": [
        "out"
      ],
      "outputs": {
        "out": "/nix/store/1294vmf2lv5f68y70r4zydis60g4z34x-rustfmt-1.97.0"
      },
      "system": "aarch64-linux",
      "group": "toplevel",
      "priority": 5
    }
  ]
}
