{
  "lockfile-version": 1,
  "manifest": {
    "schema-version": "1.14.0",
    "install": {
      "gcc": {
        "pkg-path": "gcc"
      },
      "rustup": {
        "pkg-path": "rustup"
      }
    },
    "hook": {
      "on-activate": "  export RUSTUP_HOME=\"$FLOX_ENV_PROJECT/.rustup\"\n  export CARGO_HOME=\"$FLOX_ENV_PROJECT/.cargo\"\n  export TMPDIR=\"$FLOX_ENV_PROJECT/.tmp\"\n  mkdir -p \"$RUSTUP_HOME\" \"$CARGO_HOME\" \"$TMPDIR\"\n  rustup show > /dev/null\n  cd \"$FLOX_ENV_PROJECT\" && cargo fetch\n"
    },
    "profile": {},
    "options": {}
  },
  "packages": [
    {
      "attr_path": "gcc",
      "broken": false,
      "derivation": "/nix/store/a8p7xpnqqs0za19izm935yq01v8pclj9-gcc-wrapper-15.2.0.drv",
      "description": "GNU Compiler Collection, version 15.2.0 (wrapper script)",
      "install_id": "gcc",
      "license": "GPL-3.0-or-later",
      "locked_url": "https://github.com/flox/nixpkgs?rev=d407951447dcd00442e97087bf374aad70c04cea",
      "name": "gcc-wrapper-15.2.0",
      "pname": "gcc",
      "rev": "d407951447dcd00442e97087bf374aad70c04cea",
      "rev_count": 1027867,
      "rev_date": "2026-07-05T04:06:12Z",
      "scrape_date": "2026-07-06T03:12:56.001176Z",
      "stabilities": [
        "staging",
        "unstable"
      ],
      "unfree": false,
      "version": "15.2.0",
      "outputs_to_install": [
        "man",
        "out"
      ],
      "outputs": {
        "info": "/nix/store/xvaia7fvdsppazilkxx34ldmka1dfz34-gcc-wrapper-15.2.0-info",
        "man": "/nix/store/n9qxwk3ix9q621ld9bi37lzljq1g89hv-gcc-wrapper-15.2.0-man",
        "out": "/nix/store/46q5yc4cxiyhbfhgff77hqwis7kky0yw-gcc-wrapper-15.2.0"
      },
      "system": "aarch64-darwin",
      "group": "toplevel",
      "priority": 5
    },
    {
      "attr_path": "gcc",
      "broken": false,
      "derivation": "/nix/store/20anxjdl57s231l1qazlnmrx3m3vx5bk-gcc-wrapper-15.2.0.drv",
      "description": "GNU Compiler Collection, version 15.2.0 (wrapper script)",
      "install_id": "gcc",
      "license": "GPL-3.0-or-later",
      "locked_url": "https://github.com/flox/nixpkgs?rev=d407951447dcd00442e97087bf374aad70c04cea",
      "name": "gcc-wrapper-15.2.0",
      "pname": "gcc",
      "rev": "d407951447dcd00442e97087bf374aad70c04cea",
      "rev_count": 1027867,
      "rev_date": "2026-07-05T04:06:12Z",
      "scrape_date": "2026-07-06T03:41:23.021572Z",
      "stabilities": [
        "staging",
        "unstable"
      ],
      "unfree": false,
      "version": "15.2.0",
      "outputs_to_install": [
        "man",
        "out",
        "out"
      ],
      "outputs": {
        "info": "/nix/store/rla3j1fb1yzgglxc8g6p7q34vkp1h5zb-gcc-wrapper-15.2.0-info",
        "man": "/nix/store/07nfp0wv2yk9k6h7qg5h3nhgxkkr9hc3-gcc-wrapper-15.2.0-man",
        "out": "/nix/store/lx4f4lvm5hrbxbils30ssjal1jz9yxgh-gcc-wrapper-15.2.0"
      },
      "system": "aarch64-linux",
      "group": "toplevel",
      "priority": 5
    },
    {
      "attr_path": "gcc",
      "broken": false,
      "derivation": "/nix/store/160s4m0c6rbs4apvbzb068q4ldw49618-gcc-wrapper-15.2.0.drv",
      "description": "GNU Compiler Collection, version 15.2.0 (wrapper script)",
      "install_id": "gcc",
      "license": "GPL-3.0-or-later",
      "locked_url": "https://github.com/flox/nixpkgs?rev=d407951447dcd00442e97087bf374aad70c04cea",
      "name": "gcc-wrapper-15.2.0",
      "pname": "gcc",
      "rev": "d407951447dcd00442e97087bf374aad70c04cea",
      "rev_count": 1027867,
      "rev_date": "2026-07-05T04:06:12Z",
      "scrape_date": "2026-07-06T04:09:01.501603Z",
      "stabilities": [
        "staging",
        "unstable"
      ],
      "unfree": false,
      "version": "15.2.0",
      "outputs_to_install": [
        "man",
        "out"
      ],
      "outputs": {
        "info": "/nix/store/y0vblnaz09f5hws1pnx59fzvlpcrd1zn-gcc-wrapper-15.2.0-info",
        "man": "/nix/store/zhrv9vafnz3agiwznkij8p36fpa17py7-gcc-wrapper-15.2.0-man",
        "out": "/nix/store/a9dhskc2ladjh7aph2z1b7x0lsdl506l-gcc-wrapper-15.2.0"
      },
      "system": "x86_64-darwin",
      "group": "toplevel",
      "priority": 5
    },
    {
      "attr_path": "gcc",
      "broken": false,
      "derivation": "/nix/store/bmwhgbaq6jk87imr4nsldixk9ccc1vl4-gcc-wrapper-15.2.0.drv",
      "description": "GNU Compiler Collection, version 15.2.0 (wrapper script)",
      "install_id": "gcc",
      "license": "GPL-3.0-or-later",
      "locked_url": "https://github.com/flox/nixpkgs?rev=d407951447dcd00442e97087bf374aad70c04cea",
      "name": "gcc-wrapper-15.2.0",
      "pname": "gcc",
      "rev": "d407951447dcd00442e97087bf374aad70c04cea",
      "rev_count": 1027867,
      "rev_date": "2026-07-05T04:06:12Z",
      "scrape_date": "2026-07-06T04:40:25.789231Z",
      "stabilities": [
        "staging",
        "unstable"
      ],
      "unfree": false,
      "version": "15.2.0",
      "outputs_to_install": [
        "man",
        "man",
        "man",
        "out",
        "out",
        "out",
        "out"
      ],
      "outputs": {
        "info": "/nix/store/pcar1vqvmn2y42lplzca392yx605kk31-gcc-wrapper-15.2.0-info",
        "man": "/nix/store/dxqah042znlglapf07vha4qannacibf2-gcc-wrapper-15.2.0-man",
        "out": "/nix/store/xcnqqnhw9hb4j5rjgds2yjryi8qki5f3-gcc-wrapper-15.2.0"
      },
      "system": "x86_64-linux",
      "group": "toplevel",
      "priority": 5
    },
    {
      "attr_path": "rustup",
      "broken": false,
      "derivation": "/nix/store/s3r3w0xyjhzx5br829m733l8br01jd5l-rustup-1.29.0.drv",
      "description": "Rust toolchain installer",
      "install_id": "rustup",
      "license": "[ Apache-2.0, MIT ]",
      "locked_url": "https://github.com/flox/nixpkgs?rev=d407951447dcd00442e97087bf374aad70c04cea",
      "name": "rustup-1.29.0",
      "pname": "rustup",
      "rev": "d407951447dcd00442e97087bf374aad70c04cea",
      "rev_count": 1027867,
      "rev_date": "2026-07-05T04:06:12Z",
      "scrape_date": "2026-07-06T03:14:34.180998Z",
      "stabilities": [
        "staging",
        "unstable"
      ],
      "unfree": false,
      "version": "1.29.0",
      "outputs_to_install": [
        "out"
      ],
      "outputs": {
        "out": "/nix/store/v3r8r9l3qmxm9sb4gsnnrhz4xcz82fl2-rustup-1.29.0"
      },
      "system": "aarch64-darwin",
      "group": "toplevel",
      "priority": 5
    },
    {
      "attr_path": "rustup",
      "broken": false,
      "derivation": "/nix/store/fgsslkac3206lc92lkf2mjg6wrx1yrif-rustup-1.29.0.drv",
      "description": "Rust toolchain installer",
      "install_id": "rustup",
      "license": "[ Apache-2.0, MIT ]",
      "locked_url": "https://github.com/flox/nixpkgs?rev=d407951447dcd00442e97087bf374aad70c04cea",
      "name": "rustup-1.29.0",
      "pname": "rustup",
      "rev": "d407951447dcd00442e97087bf374aad70c04cea",
      "rev_count": 1027867,
      "rev_date": "2026-07-05T04:06:12Z",
      "scrape_date": "2026-07-06T03:43:31.360172Z",
      "stabilities": [
        "staging",
        "unstable"
      ],
      "unfree": false,
      "version": "1.29.0",
      "outputs_to_install": [
        "out"
      ],
      "outputs": {
        "out": "/nix/store/1ghz0g8a4p12amgzdsn0g7s47vzawxph-rustup-1.29.0"
      },
      "system": "aarch64-linux",
      "group": "toplevel",
      "priority": 5
    },
    {
      "attr_path": "rustup",
      "broken": false,
      "derivation": "/nix/store/4i8mjzybr1n5gy8a4bhjg0md4wy0r3yp-rustup-1.29.0.drv",
      "description": "Rust toolchain installer",
      "install_id": "rustup",
      "license": "[ Apache-2.0, MIT ]",
      "locked_url": "https://github.com/flox/nixpkgs?rev=d407951447dcd00442e97087bf374aad70c04cea",
      "name": "rustup-1.29.0",
      "pname": "rustup",
      "rev": "d407951447dcd00442e97087bf374aad70c04cea",
      "rev_count": 1027867,
      "rev_date": "2026-07-05T04:06:12Z",
      "scrape_date": "2026-07-06T04:11:03.694868Z",
      "stabilities": [
        "staging",
        "unstable"
      ],
      "unfree": false,
      "version": "1.29.0",
      "outputs_to_install": [
        "out"
      ],
      "outputs": {
        "out": "/nix/store/lvm2155pfw1b3a9g8cij5g7vx2dk4v9f-rustup-1.29.0"
      },
      "system": "x86_64-darwin",
      "group": "toplevel",
      "priority": 5
    },
    {
      "attr_path": "rustup",
      "broken": false,
      "derivation": "/nix/store/r84mgndg8lal1ww9b5zsxh2m99bl0xah-rustup-1.29.0.drv",
      "description": "Rust toolchain installer",
      "install_id": "rustup",
      "license": "[ Apache-2.0, MIT ]",
      "locked_url": "https://github.com/flox/nixpkgs?rev=d407951447dcd00442e97087bf374aad70c04cea",
      "name": "rustup-1.29.0",
      "pname": "rustup",
      "rev": "d407951447dcd00442e97087bf374aad70c04cea",
      "rev_count": 1027867,
      "rev_date": "2026-07-05T04:06:12Z",
      "scrape_date": "2026-07-06T04:42:43.587225Z",
      "stabilities": [
        "staging",
        "unstable"
      ],
      "unfree": false,
      "version": "1.29.0",
      "outputs_to_install": [
        "out"
      ],
      "outputs": {
        "out": "/nix/store/cxx967kpb69s62f8xh97qq1r2lhj6i3s-rustup-1.29.0"
      },
      "system": "x86_64-linux",
      "group": "toplevel",
      "priority": 5
    }
  ]
}
